{
  "version": 4,
  "terraform_version": "0.14.6",
  "serial": 251,
  "lineage": "20f174b1-7279-bc4b-fd1f-6ba4345b2293",
  "outputs": {
    "ecr-repository": {
      "value": "975195398054.dkr.ecr.eu-west-1.amazonaws.com/almanza-app-lab-a",
      "type": "string"
    },
    "eks-creation-status": {
      "value": "ACTIVE",
      "type": "string"
    },
    "external-dns-iam-role": {
      "value": "arn:aws:iam::975195398054:role/external-dns",
      "type": "string"
    }
  },
  "resources": [
    {
      "mode": "data",
      "type": "aws_availability_zones",
      "name": "azs",
      "provider": "provider[\"registry.terraform.io/hashicorp/aws\"].region-master",
      "instances": [
        {
          "schema_version": 0,
          "attributes": {
            "all_availability_zones": null,
            "exclude_names": null,
            "exclude_zone_ids": null,
            "filter": null,
            "group_names": [
              "eu-west-1"
            ],
            "id": "eu-west-1",
            "names": [
              "eu-west-1a",
              "eu-west-1b",
              "eu-west-1c"
            ],
            "state": "available",
            "zone_ids": [
              "euw1-az3",
              "euw1-az1",
              "euw1-az2"
            ]
          },
          "sensitive_attributes": []
        }
      ]
    },
    {
      "mode": "managed",
      "type": "aws_default_route_table",
      "name": "default-rt",
      "provider": "provider[\"registry.terraform.io/hashicorp/aws\"].region-master",
      "instances": [
        {
          "schema_version": 0,
          "attributes": {
            "default_route_table_id": "rtb-0b119a9fd615e784f",
            "id": "rtb-0b119a9fd615e784f",
            "owner_id": "975195398054",
            "propagating_vgws": [],
            "route": [
              {
                "cidr_block": "0.0.0.0/0",
                "egress_only_gateway_id": "",
                "gateway_id": "nat-0c152f79cbcaa4ded",
                "instance_id": "",
                "ipv6_cidr_block": "",
                "nat_gateway_id": "",
                "network_interface_id": "",
                "transit_gateway_id": "",
                "vpc_endpoint_id": "",
                "vpc_peering_connection_id": ""
              }
            ],
            "tags": {
              "Name": "route-table-public",
              "deploy": "almanza-app-lab-a",
              "environment": "dev"
            },
            "vpc_id": "vpc-00bcc5f3488637652"
          },
          "sensitive_attributes": [],
          "private": "bnVsbA==",
          "dependencies": [
            "aws_nat_gateway.natgw",
            "aws_vpc.main"
          ]
        }
      ]
    },
    {
      "mode": "managed",
      "type": "aws_ecr_repository",
      "name": "ecr-repository",
      "provider": "provider[\"registry.terraform.io/hashicorp/aws\"].region-master",
      "instances": [
        {
          "schema_version": 0,
          "attributes": {
            "arn": "arn:aws:ecr:eu-west-1:975195398054:repository/almanza-app-lab-a",
            "encryption_configuration": [
              {
                "encryption_type": "AES256",
                "kms_key": ""
              }
            ],
            "id": "almanza-app-lab-a",
            "image_scanning_configuration": [
              {
                "scan_on_push": false
              }
            ],
            "image_tag_mutability": "MUTABLE",
            "name": "almanza-app-lab-a",
            "registry_id": "975195398054",
            "repository_url": "975195398054.dkr.ecr.eu-west-1.amazonaws.com/almanza-app-lab-a",
            "tags": {},
            "timeouts": null
          },
          "sensitive_attributes": [],
          "private": "eyJlMmJmYjczMC1lY2FhLTExZTYtOGY4OC0zNDM2M2JjN2M0YzAiOnsiZGVsZXRlIjoxMjAwMDAwMDAwMDAwfX0=",
          "dependencies": [
            "aws_eks_cluster.eks-cluster",
            "aws_iam_role.eks-role",
            "aws_iam_role_policy_attachment.policy-attach",
            "aws_security_group.eks",
            "aws_subnet.subnet-private-3",
            "aws_subnet.subnet-private-4",
            "aws_vpc.main",
            "data.aws_availability_zones.azs"
          ]
        }
      ]
    },
    {
      "mode": "managed",
      "type": "aws_eip",
      "name": "eip-natgw",
      "provider": "provider[\"registry.terraform.io/hashicorp/aws\"].region-master",
      "instances": [
        {
          "schema_version": 0,
          "attributes": {
            "allocation_id": null,
            "associate_with_private_ip": null,
            "association_id": "eipassoc-027e123b63f057908",
            "carrier_ip": "",
            "customer_owned_ip": "",
            "customer_owned_ipv4_pool": "",
            "domain": "vpc",
            "id": "eipalloc-0f8efd53fe6f2c80e",
            "instance": "",
            "network_border_group": "eu-west-1",
            "network_interface": "eni-0c2a67342346c3f62",
            "private_dns": "ip-10-1-1-52.eu-west-1.compute.internal",
            "private_ip": "10.1.1.52",
            "public_dns": "ec2-52-208-230-154.eu-west-1.compute.amazonaws.com",
            "public_ip": "52.208.230.154",
            "public_ipv4_pool": "amazon",
            "tags": {
              "Name": "natgw-eip",
              "deploy": "almanza-app-lab-a",
              "environment": "dev"
            },
            "timeouts": null,
            "vpc": true
          },
          "sensitive_attributes": [],
          "private": "eyJlMmJmYjczMC1lY2FhLTExZTYtOGY4OC0zNDM2M2JjN2M0YzAiOnsiZGVsZXRlIjoxODAwMDAwMDAwMDAsInJlYWQiOjkwMDAwMDAwMDAwMCwidXBkYXRlIjozMDAwMDAwMDAwMDB9fQ=="
        }
      ]
    },
    {
      "mode": "managed",
      "type": "aws_eks_cluster",
      "name": "eks-cluster",
      "provider": "provider[\"registry.terraform.io/hashicorp/aws\"].region-master",
      "instances": [
        {
          "schema_version": 0,
          "attributes": {
            "arn": "arn:aws:eks:eu-west-1:975195398054:cluster/almanza-app-lab-a",
            "certificate_authority": [
              {
                "data": "LS0tLS1CRUdJTiBDRVJUSUZJQ0FURS0tLS0tCk1JSUN5RENDQWJDZ0F3SUJBZ0lCQURBTkJna3Foa2lHOXcwQkFRc0ZBREFWTVJNd0VRWURWUVFERXdwcmRXSmwKY201bGRHVnpNQjRYRFRJeE1ESXhNakE1TURnek5Gb1hEVE14TURJeE1EQTVNRGd6TkZvd0ZURVRNQkVHQTFVRQpBeE1LYTNWaVpYSnVaWFJsY3pDQ0FTSXdEUVlKS29aSWh2Y05BUUVCQlFBRGdnRVBBRENDQVFvQ2dnRUJBSnhFCjNFQ1VoRGxiT1ZrMWxUSEFPMlVJTWREaWZqV0JhbzZFVzE4dU1iQzc4NDlieWFNZVNiM0Zna1lVSkRVQlZRVXAKaml0dWFZREhIZHZoOVhSZUlNeHFacVUyMDdWMmsrZGFCTWZSRFpUVEpRSEdkanVpdFJ3ZEZGZVBGaFNSaXlwRApMaitIMW5waFJxUmdJVWJwcjFyM3dxT2ZUWVR4THlxVEdNV3dHTXAxSHBnRjQ4amRrYy9kRXhpdmRkZ0kzZ0dZCnRWbnZEdXZVUE9lZU5VNnJObkdxUHpERGg2MStkcURjOVVxbUIzeThxQWJIVXZ3U2ZqVEJrWkpMWTJ2Z3g4WWoKSUxreFFhaWVwQ09ZeU0xWGlLMVR3YlZhcEg4SEM2VjJ0a3Iwb3V2TmxYcFpSZ2FiZXI0WWo4NE1sd1doZmk1WQp0cDkwamhnL3hWMDhJanFIRUIwQ0F3RUFBYU1qTUNFd0RnWURWUjBQQVFIL0JBUURBZ0trTUE4R0ExVWRFd0VCCi93UUZNQU1CQWY4d0RRWUpLb1pJaHZjTkFRRUxCUUFEZ2dFQkFHWm9BRElLamN2Szl0SHIrb2hzWXozakhuU0kKNXlFUzJwVDVxaUJ3bW5Yby9jOStmMURKSjQ2MnpRWWpUTGJEYkYxOXRZQ20wdS93cjIyQjY4REp5bGMzckd4dAp1VjhJMkU5UkxkV21ZV3g4N0g1L2ZKOFY0aVlSZWVUZ2pTdUFPSVpEVUNTNXp6QlUxVXB6Z2RVOUhlL2VGWUN1CmFBVFBFSUl2SVhMWnkrOEpKSnY0K3NNM3d3d1VhOU1Ja1NaK2xuMXY4Ykt1SlRCaGlscUtNcUNoZ2wxY3dZM2sKTlBiSnhoSFlHWWNNVkZsaVZRUUFOY0R6RkJSZGRFTVlQMjJRbGROcGcwK2JhWVpoZzlnQnlENEdHM0w1djhwZwpna3ZkbStWbytyMjArTkZrNHpPZU50c0Q3K3B4Y0JZcHdvaW96eTIxODArbll0SzM4ZTRwdFEwOTM2dz0KLS0tLS1FTkQgQ0VSVElGSUNBVEUtLS0tLQo="
              }
            ],
            "created_at": "2021-02-12 09:00:48.287 +0000 UTC",
            "enabled_cluster_log_types": [],
            "encryption_config": [],
            "endpoint": "https://0720D3FB28DD37C43C150C255D972009.gr7.eu-west-1.eks.amazonaws.com",
            "id": "almanza-app-lab-a",
            "identity": [
              {
                "oidc": [
                  {
                    "issuer": "https://oidc.eks.eu-west-1.amazonaws.com/id/0720D3FB28DD37C43C150C255D972009"
                  }
                ]
              }
            ],
            "kubernetes_network_config": [
              {
                "service_ipv4_cidr": "172.20.0.0/16"
              }
            ],
            "name": "almanza-app-lab-a",
            "platform_version": "eks.3",
            "role_arn": "arn:aws:iam::975195398054:role/eks-role",
            "status": "ACTIVE",
            "tags": {},
            "timeouts": null,
            "version": "1.18",
            "vpc_config": [
              {
                "cluster_security_group_id": "sg-0727ff7e9dc1425f5",
                "endpoint_private_access": true,
                "endpoint_public_access": true,
                "public_access_cidrs": [
                  "0.0.0.0/0"
                ],
                "security_group_ids": [
                  "sg-08318da6e9151b3f0"
                ],
                "subnet_ids": [
                  "subnet-09107d0286cd5f85f",
                  "subnet-0be858d5b1f5d86de"
                ],
                "vpc_id": "vpc-00bcc5f3488637652"
              }
            ]
          },
          "sensitive_attributes": [],
          "private": "eyJlMmJmYjczMC1lY2FhLTExZTYtOGY4OC0zNDM2M2JjN2M0YzAiOnsiY3JlYXRlIjoxODAwMDAwMDAwMDAwLCJkZWxldGUiOjkwMDAwMDAwMDAwMCwidXBkYXRlIjozNjAwMDAwMDAwMDAwfX0=",
          "dependencies": [
            "aws_iam_role.eks-role",
            "aws_iam_role_policy_attachment.policy-attach",
            "aws_security_group.eks",
            "aws_subnet.subnet-private-3",
            "aws_subnet.subnet-private-4",
            "aws_vpc.main",
            "data.aws_availability_zones.azs"
          ]
        }
      ]
    },
    {
      "mode": "managed",
      "type": "aws_eks_node_group",
      "name": "eks-cluster-nodes",
      "provider": "provider[\"registry.terraform.io/hashicorp/aws\"].region-master",
      "instances": [
        {
          "schema_version": 0,
          "attributes": {
            "ami_type": "AL2_x86_64",
            "arn": "arn:aws:eks:eu-west-1:975195398054:nodegroup/almanza-app-lab-a/almanza-app-lab-a-eks-nodes/bcbbcac2-75bf-fc8d-2a33-e48c1a661826",
            "capacity_type": "SPOT",
            "cluster_name": "almanza-app-lab-a",
            "disk_size": 20,
            "force_update_version": null,
            "id": "almanza-app-lab-a:almanza-app-lab-a-eks-nodes",
            "instance_types": [
              "t3.medium"
            ],
            "labels": {},
            "launch_template": [],
            "node_group_name": "almanza-app-lab-a-eks-nodes",
            "node_role_arn": "arn:aws:iam::975195398054:role/eks-node-group-example",
            "release_version": "1.18.9-20210208",
            "remote_access": [],
            "resources": [
              {
                "autoscaling_groups": [
                  {
                    "name": "eks-bcbbcac2-75bf-fc8d-2a33-e48c1a661826"
                  }
                ],
                "remote_access_security_group_id": ""
              }
            ],
            "scaling_config": [
              {
                "desired_size": 2,
                "max_size": 3,
                "min_size": 1
              }
            ],
            "status": "ACTIVE",
            "subnet_ids": [
              "subnet-09107d0286cd5f85f",
              "subnet-0be858d5b1f5d86de"
            ],
            "tags": {},
            "timeouts": null,
            "version": "1.18"
          },
          "sensitive_attributes": [],
          "private": "eyJlMmJmYjczMC1lY2FhLTExZTYtOGY4OC0zNDM2M2JjN2M0YzAiOnsiY3JlYXRlIjozNjAwMDAwMDAwMDAwLCJkZWxldGUiOjM2MDAwMDAwMDAwMDAsInVwZGF0ZSI6MzYwMDAwMDAwMDAwMH19",
          "dependencies": [
            "aws_eks_cluster.eks-cluster",
            "aws_iam_role.eks-node-role",
            "aws_iam_role.eks-role",
            "aws_iam_role_policy_attachment.node-policy-AmazonEC2ContainerRegistryReadOnly",
            "aws_iam_role_policy_attachment.node-policy-AmazonEKSWorkerNodePolicy",
            "aws_iam_role_policy_attachment.node-policy-AmazonEKS_CNI_Policy",
            "aws_iam_role_policy_attachment.policy-attach",
            "aws_security_group.eks",
            "aws_subnet.subnet-private-3",
            "aws_subnet.subnet-private-4",
            "aws_vpc.main",
            "data.aws_availability_zones.azs"
          ]
        }
      ]
    },
    {
      "mode": "managed",
      "type": "aws_iam_openid_connect_provider",
      "name": "sa-provider",
      "provider": "provider[\"registry.terraform.io/hashicorp/aws\"].region-master",
      "instances": [
        {
          "schema_version": 0,
          "attributes": {
            "arn": "arn:aws:iam::975195398054:oidc-provider/oidc.eks.eu-west-1.amazonaws.com/id/0720D3FB28DD37C43C150C255D972009",
            "client_id_list": [
              "sts.amazonaws.com"
            ],
            "id": "arn:aws:iam::975195398054:oidc-provider/oidc.eks.eu-west-1.amazonaws.com/id/0720D3FB28DD37C43C150C255D972009",
            "thumbprint_list": [
              "9e99a48a9960b14926bb7f3b02e22da2b0ab7280"
            ],
            "url": "oidc.eks.eu-west-1.amazonaws.com/id/0720D3FB28DD37C43C150C255D972009"
          },
          "sensitive_attributes": [],
          "private": "bnVsbA==",
          "dependencies": [
            "aws_eks_cluster.eks-cluster"
          ]
        }
      ]
    },
    {
      "mode": "managed",
      "type": "aws_iam_policy",
      "name": "external-dns",
      "provider": "provider[\"registry.terraform.io/hashicorp/aws\"].region-master",
      "instances": [
        {
          "schema_version": 0,
          "attributes": {
            "arn": "arn:aws:iam::975195398054:policy/external-dns",
            "description": "",
            "id": "arn:aws:iam::975195398054:policy/external-dns",
            "name": "external-dns",
            "name_prefix": null,
            "path": "/",
            "policy": "{\n  \"Version\": \"2012-10-17\",\n  \"Statement\": [\n    {\n      \"Effect\": \"Allow\",\n      \"Action\": [\n        \"route53:ChangeResourceRecordSets\"\n      ],\n      \"Resource\": [\n        \"arn:aws:route53:::hostedzone/*\"\n      ]\n    },\n    {\n      \"Effect\": \"Allow\",\n      \"Action\": [\n        \"route53:ListHostedZones\",\n        \"route53:ListResourceRecordSets\"\n      ],\n      \"Resource\": [\n        \"*\"\n      ]\n    }\n  ]\n}\n"
          },
          "sensitive_attributes": [],
          "private": "bnVsbA==",
          "dependencies": [
            "aws_eks_cluster.eks-cluster",
            "aws_iam_openid_connect_provider.sa-provider",
            "aws_iam_role.eks-role",
            "aws_iam_role_policy_attachment.policy-attach",
            "aws_security_group.eks",
            "aws_subnet.subnet-private-3",
            "aws_subnet.subnet-private-4",
            "aws_vpc.main",
            "data.aws_availability_zones.azs"
          ]
        }
      ]
    },
    {
      "mode": "managed",
      "type": "aws_iam_role",
      "name": "eks-node-role",
      "provider": "provider[\"registry.terraform.io/hashicorp/aws\"].region-master",
      "instances": [
        {
          "schema_version": 0,
          "attributes": {
            "arn": "arn:aws:iam::975195398054:role/eks-node-group-example",
            "assume_role_policy": "{\"Version\":\"2012-10-17\",\"Statement\":[{\"Effect\":\"Allow\",\"Principal\":{\"Service\":\"ec2.amazonaws.com\"},\"Action\":\"sts:AssumeRole\"}]}",
            "create_date": "2021-02-12T09:00:38Z",
            "description": "",
            "force_detach_policies": false,
            "id": "eks-node-group-example",
            "max_session_duration": 3600,
            "name": "eks-node-group-example",
            "name_prefix": null,
            "path": "/",
            "permissions_boundary": null,
            "tags": {},
            "unique_id": "AROA6GDRM36TNLVWI2NIK"
          },
          "sensitive_attributes": [],
          "private": "bnVsbA=="
        }
      ]
    },
    {
      "mode": "managed",
      "type": "aws_iam_role",
      "name": "eks-role",
      "provider": "provider[\"registry.terraform.io/hashicorp/aws\"].region-master",
      "instances": [
        {
          "schema_version": 0,
          "attributes": {
            "arn": "arn:aws:iam::975195398054:role/eks-role",
            "assume_role_policy": "{\"Version\":\"2012-10-17\",\"Statement\":[{\"Effect\":\"Allow\",\"Principal\":{\"Service\":\"eks.amazonaws.com\"},\"Action\":\"sts:AssumeRole\"}]}",
            "create_date": "2021-02-12T09:00:38Z",
            "description": "",
            "force_detach_policies": false,
            "id": "eks-role",
            "max_session_duration": 3600,
            "name": "eks-role",
            "name_prefix": null,
            "path": "/",
            "permissions_boundary": null,
            "tags": {
              "deploy": "almanza-app-lab-a",
              "environment": "dev"
            },
            "unique_id": "AROA6GDRM36TKDB5AXD4V"
          },
          "sensitive_attributes": [],
          "private": "bnVsbA=="
        }
      ]
    },
    {
      "mode": "managed",
      "type": "aws_iam_role",
      "name": "external-dns",
      "provider": "provider[\"registry.terraform.io/hashicorp/aws\"].region-master",
      "instances": [
        {
          "schema_version": 0,
          "attributes": {
            "arn": "arn:aws:iam::975195398054:role/external-dns",
            "assume_role_policy": "{\"Version\":\"2012-10-17\",\"Statement\":[{\"Effect\":\"Allow\",\"Principal\":{\"Federated\":\"arn:aws:iam::975195398054:oidc-provider/oidc.eks.eu-west-1.amazonaws.com/id/0720D3FB28DD37C43C150C255D972009\"},\"Action\":\"sts:AssumeRoleWithWebIdentity\",\"Condition\":{\"StringEquals\":{\"oidc.eks.eu-west-1.amazonaws.com/id/0720D3FB28DD37C43C150C255D972009:sub\":\"system:serviceaccount:kube-system:external-dns\"}}}]}",
            "create_date": "2021-02-12T10:03:38Z",
            "description": "",
            "force_detach_policies": false,
            "id": "external-dns",
            "max_session_duration": 3600,
            "name": "external-dns",
            "name_prefix": null,
            "path": "/",
            "permissions_boundary": null,
            "tags": {},
            "unique_id": "AROA6GDRM36TKEUIQQOLE"
          },
          "sensitive_attributes": [],
          "private": "bnVsbA==",
          "dependencies": [
            "aws_eks_cluster.eks-cluster",
            "aws_iam_openid_connect_provider.sa-provider",
            "aws_iam_role.eks-role",
            "aws_iam_role_policy_attachment.policy-attach",
            "aws_security_group.eks",
            "aws_subnet.subnet-private-3",
            "aws_subnet.subnet-private-4",
            "aws_vpc.main",
            "data.aws_availability_zones.azs"
          ]
        }
      ]
    },
    {
      "mode": "managed",
      "type": "aws_iam_role_policy_attachment",
      "name": "external-dns",
      "provider": "provider[\"registry.terraform.io/hashicorp/aws\"].region-master",
      "instances": [
        {
          "schema_version": 0,
          "attributes": {
            "id": "external-dns-20210212100339965000000001",
            "policy_arn": "arn:aws:iam::975195398054:policy/external-dns",
            "role": "external-dns"
          },
          "sensitive_attributes": [],
          "private": "bnVsbA==",
          "dependencies": [
            "aws_eks_cluster.eks-cluster",
            "aws_iam_openid_connect_provider.sa-provider",
            "aws_iam_policy.external-dns",
            "aws_iam_role.eks-role",
            "aws_iam_role.external-dns",
            "aws_iam_role_policy_attachment.policy-attach",
            "aws_security_group.eks",
            "aws_subnet.subnet-private-3",
            "aws_subnet.subnet-private-4",
            "aws_vpc.main",
            "data.aws_availability_zones.azs"
          ]
        }
      ]
    },
    {
      "mode": "managed",
      "type": "aws_iam_role_policy_attachment",
      "name": "node-policy-AmazonEC2ContainerRegistryReadOnly",
      "provider": "provider[\"registry.terraform.io/hashicorp/aws\"].region-master",
      "instances": [
        {
          "schema_version": 0,
          "attributes": {
            "id": "eks-node-group-example-20210212090040008800000004",
            "policy_arn": "arn:aws:iam::aws:policy/AmazonEC2ContainerRegistryReadOnly",
            "role": "eks-node-group-example"
          },
          "sensitive_attributes": [],
          "private": "bnVsbA==",
          "dependencies": [
            "aws_iam_role.eks-node-role"
          ]
        }
      ]
    },
    {
      "mode": "managed",
      "type": "aws_iam_role_policy_attachment",
      "name": "node-policy-AmazonEKSWorkerNodePolicy",
      "provider": "provider[\"registry.terraform.io/hashicorp/aws\"].region-master",
      "instances": [
        {
          "schema_version": 0,
          "attributes": {
            "id": "eks-node-group-example-20210212090040008300000003",
            "policy_arn": "arn:aws:iam::aws:policy/AmazonEKSWorkerNodePolicy",
            "role": "eks-node-group-example"
          },
          "sensitive_attributes": [],
          "private": "bnVsbA==",
          "dependencies": [
            "aws_iam_role.eks-node-role"
          ]
        }
      ]
    },
    {
      "mode": "managed",
      "type": "aws_iam_role_policy_attachment",
      "name": "node-policy-AmazonEKS_CNI_Policy",
      "provider": "provider[\"registry.terraform.io/hashicorp/aws\"].region-master",
      "instances": [
        {
          "schema_version": 0,
          "attributes": {
            "id": "eks-node-group-example-20210212090040002500000001",
            "policy_arn": "arn:aws:iam::aws:policy/AmazonEKS_CNI_Policy",
            "role": "eks-node-group-example"
          },
          "sensitive_attributes": [],
          "private": "bnVsbA==",
          "dependencies": [
            "aws_iam_role.eks-node-role"
          ]
        }
      ]
    },
    {
      "mode": "managed",
      "type": "aws_iam_role_policy_attachment",
      "name": "policy-attach",
      "provider": "provider[\"registry.terraform.io/hashicorp/aws\"].region-master",
      "instances": [
        {
          "schema_version": 0,
          "attributes": {
            "id": "eks-role-20210212090040006500000002",
            "policy_arn": "arn:aws:iam::aws:policy/AmazonEKSClusterPolicy",
            "role": "eks-role"
          },
          "sensitive_attributes": [],
          "private": "bnVsbA==",
          "dependencies": [
            "aws_iam_role.eks-role"
          ]
        }
      ]
    },
    {
      "mode": "managed",
      "type": "aws_iam_role_policy_attachment",
      "name": "policy-attach-service",
      "provider": "provider[\"registry.terraform.io/hashicorp/aws\"].region-master",
      "instances": [
        {
          "schema_version": 0,
          "attributes": {
            "id": "eks-role-20210212090040038700000005",
            "policy_arn": "arn:aws:iam::aws:policy/AmazonEKSServicePolicy",
            "role": "eks-role"
          },
          "sensitive_attributes": [],
          "private": "bnVsbA==",
          "dependencies": [
            "aws_iam_role.eks-role"
          ]
        }
      ]
    },
    {
      "mode": "managed",
      "type": "aws_internet_gateway",
      "name": "main-gw",
      "provider": "provider[\"registry.terraform.io/hashicorp/aws\"].region-master",
      "instances": [
        {
          "schema_version": 0,
          "attributes": {
            "arn": "arn:aws:ec2:eu-west-1:975195398054:internet-gateway/igw-0e6a8a321820ac1e9",
            "id": "igw-0e6a8a321820ac1e9",
            "owner_id": "975195398054",
            "tags": {
              "Name": "igw",
              "deploy": "almanza-app-lab-a",
              "environment": "dev"
            },
            "vpc_id": "vpc-00bcc5f3488637652"
          },
          "sensitive_attributes": [],
          "private": "bnVsbA==",
          "dependencies": [
            "aws_vpc.main"
          ]
        }
      ]
    },
    {
      "mode": "managed",
      "type": "aws_nat_gateway",
      "name": "natgw",
      "provider": "provider[\"registry.terraform.io/hashicorp/aws\"].region-master",
      "instances": [
        {
          "schema_version": 0,
          "attributes": {
            "allocation_id": "eipalloc-0f8efd53fe6f2c80e",
            "id": "nat-0c152f79cbcaa4ded",
            "network_interface_id": "eni-0c2a67342346c3f62",
            "private_ip": "10.1.1.52",
            "public_ip": "52.208.230.154",
            "subnet_id": "subnet-08fe87174eecf8fca",
            "tags": {
              "Name": "natgw",
              "deploy": "almanza-app-lab-a",
              "environment": "dev"
            }
          },
          "sensitive_attributes": [],
          "private": "bnVsbA==",
          "dependencies": [
            "aws_eip.eip-natgw",
            "aws_subnet.subnet-public-1",
            "aws_vpc.main",
            "data.aws_availability_zones.azs"
          ]
        }
      ]
    },
    {
      "mode": "managed",
      "type": "aws_route_table",
      "name": "public",
      "provider": "provider[\"registry.terraform.io/hashicorp/aws\"].region-master",
      "instances": [
        {
          "schema_version": 0,
          "attributes": {
            "id": "rtb-03141498ce54df97d",
            "owner_id": "975195398054",
            "propagating_vgws": [],
            "route": [
              {
                "cidr_block": "0.0.0.0/0",
                "egress_only_gateway_id": "",
                "gateway_id": "igw-0e6a8a321820ac1e9",
                "instance_id": "",
                "ipv6_cidr_block": "",
                "local_gateway_id": "",
                "nat_gateway_id": "",
                "network_interface_id": "",
                "transit_gateway_id": "",
                "vpc_endpoint_id": "",
                "vpc_peering_connection_id": ""
              }
            ],
            "tags": {
              "Name": "route-table-public",
              "deploy": "almanza-app-lab-a",
              "environment": "dev"
            },
            "vpc_id": "vpc-00bcc5f3488637652"
          },
          "sensitive_attributes": [],
          "private": "bnVsbA==",
          "dependencies": [
            "aws_internet_gateway.main-gw",
            "aws_vpc.main"
          ]
        }
      ]
    },
    {
      "mode": "managed",
      "type": "aws_route_table_association",
      "name": "private-association-1",
      "provider": "provider[\"registry.terraform.io/hashicorp/aws\"].region-master",
      "instances": [
        {
          "schema_version": 0,
          "attributes": {
            "gateway_id": null,
            "id": "rtbassoc-08d2eda168b853aa8",
            "route_table_id": "rtb-0b119a9fd615e784f",
            "subnet_id": "subnet-0be858d5b1f5d86de"
          },
          "sensitive_attributes": [],
          "private": "bnVsbA==",
          "dependencies": [
            "aws_default_route_table.default-rt",
            "aws_eip.eip-natgw",
            "aws_nat_gateway.natgw",
            "aws_subnet.subnet-private-3",
            "aws_subnet.subnet-public-1",
            "aws_vpc.main",
            "data.aws_availability_zones.azs"
          ]
        }
      ]
    },
    {
      "mode": "managed",
      "type": "aws_route_table_association",
      "name": "private-association-2",
      "provider": "provider[\"registry.terraform.io/hashicorp/aws\"].region-master",
      "instances": [
        {
          "schema_version": 0,
          "attributes": {
            "gateway_id": null,
            "id": "rtbassoc-0e1190bb9817e8e0a",
            "route_table_id": "rtb-0b119a9fd615e784f",
            "subnet_id": "subnet-09107d0286cd5f85f"
          },
          "sensitive_attributes": [],
          "private": "bnVsbA==",
          "dependencies": [
            "aws_default_route_table.default-rt",
            "aws_eip.eip-natgw",
            "aws_nat_gateway.natgw",
            "aws_subnet.subnet-private-4",
            "aws_subnet.subnet-public-1",
            "aws_vpc.main",
            "data.aws_availability_zones.azs"
          ]
        }
      ]
    },
    {
      "mode": "managed",
      "type": "aws_route_table_association",
      "name": "public-association-1",
      "provider": "provider[\"registry.terraform.io/hashicorp/aws\"].region-master",
      "instances": [
        {
          "schema_version": 0,
          "attributes": {
            "gateway_id": null,
            "id": "rtbassoc-0a69df535c4cb76e0",
            "route_table_id": "rtb-03141498ce54df97d",
            "subnet_id": "subnet-08fe87174eecf8fca"
          },
          "sensitive_attributes": [],
          "private": "bnVsbA==",
          "dependencies": [
            "aws_internet_gateway.main-gw",
            "aws_route_table.public",
            "aws_subnet.subnet-public-1",
            "aws_vpc.main",
            "data.aws_availability_zones.azs"
          ]
        }
      ]
    },
    {
      "mode": "managed",
      "type": "aws_route_table_association",
      "name": "public-association-2",
      "provider": "provider[\"registry.terraform.io/hashicorp/aws\"].region-master",
      "instances": [
        {
          "schema_version": 0,
          "attributes": {
            "gateway_id": null,
            "id": "rtbassoc-0cf9f1f7750aa93d6",
            "route_table_id": "rtb-03141498ce54df97d",
            "subnet_id": "subnet-01f57fbdc2df9ffc7"
          },
          "sensitive_attributes": [],
          "private": "bnVsbA==",
          "dependencies": [
            "aws_internet_gateway.main-gw",
            "aws_route_table.public",
            "aws_subnet.subnet-public-2",
            "aws_vpc.main",
            "data.aws_availability_zones.azs"
          ]
        }
      ]
    },
    {
      "mode": "managed",
      "type": "aws_security_group",
      "name": "eks",
      "provider": "provider[\"registry.terraform.io/hashicorp/aws\"].region-master",
      "instances": [
        {
          "schema_version": 1,
          "attributes": {
            "arn": "arn:aws:ec2:eu-west-1:975195398054:security-group/sg-08318da6e9151b3f0",
            "description": "Allow inbound traffic to eks controlplane",
            "egress": [
              {
                "cidr_blocks": [
                  "0.0.0.0/0"
                ],
                "description": "",
                "from_port": 0,
                "ipv6_cidr_blocks": [],
                "prefix_list_ids": [],
                "protocol": "-1",
                "security_groups": [],
                "self": false,
                "to_port": 0
              }
            ],
            "id": "sg-08318da6e9151b3f0",
            "ingress": [
              {
                "cidr_blocks": [
                  "0.0.0.0/0"
                ],
                "description": "TLS from eks public access",
                "from_port": 443,
                "ipv6_cidr_blocks": [],
                "prefix_list_ids": [],
                "protocol": "tcp",
                "security_groups": [],
                "self": false,
                "to_port": 443
              },
              {
                "cidr_blocks": [
                  "10.1.0.0/16"
                ],
                "description": "TLS from VPC",
                "from_port": 443,
                "ipv6_cidr_blocks": [],
                "prefix_list_ids": [],
                "protocol": "tcp",
                "security_groups": [],
                "self": false,
                "to_port": 443
              },
              {
                "cidr_blocks": [
                  "10.1.3.0/24",
                  "10.1.4.0/24"
                ],
                "description": "ALL from private subnets",
                "from_port": 0,
                "ipv6_cidr_blocks": [],
                "prefix_list_ids": [],
                "protocol": "-1",
                "security_groups": [],
                "self": false,
                "to_port": 0
              }
            ],
            "name": "eks-control-rules",
            "name_prefix": "",
            "owner_id": "975195398054",
            "revoke_rules_on_delete": false,
            "tags": {
              "deploy": "almanza-app-lab-a",
              "environment": "dev",
              "name": "front-rules"
            },
            "timeouts": null,
            "vpc_id": "vpc-00bcc5f3488637652"
          },
          "sensitive_attributes": [],
          "private": "eyJlMmJmYjczMC1lY2FhLTExZTYtOGY4OC0zNDM2M2JjN2M0YzAiOnsiY3JlYXRlIjo2MDAwMDAwMDAwMDAsImRlbGV0ZSI6NjAwMDAwMDAwMDAwfSwic2NoZW1hX3ZlcnNpb24iOiIxIn0=",
          "dependencies": [
            "aws_vpc.main"
          ]
        }
      ]
    },
    {
      "mode": "managed",
      "type": "aws_security_group",
      "name": "frontend",
      "provider": "provider[\"registry.terraform.io/hashicorp/aws\"].region-master",
      "instances": [
        {
          "schema_version": 1,
          "attributes": {
            "arn": "arn:aws:ec2:eu-west-1:975195398054:security-group/sg-0cd8ddb36a601229f",
            "description": "Allow inbound traffic to front",
            "egress": [
              {
                "cidr_blocks": [
                  "0.0.0.0/0"
                ],
                "description": "",
                "from_port": 0,
                "ipv6_cidr_blocks": [],
                "prefix_list_ids": [],
                "protocol": "-1",
                "security_groups": [],
                "self": false,
                "to_port": 0
              }
            ],
            "id": "sg-0cd8ddb36a601229f",
            "ingress": [
              {
                "cidr_blocks": [
                  "0.0.0.0/0"
                ],
                "description": "expose app public access",
                "from_port": 80,
                "ipv6_cidr_blocks": [],
                "prefix_list_ids": [],
                "protocol": "tcp",
                "security_groups": [],
                "self": false,
                "to_port": 80
              },
              {
                "cidr_blocks": [
                  "10.1.0.0/16"
                ],
                "description": "HTTP from VPC",
                "from_port": 80,
                "ipv6_cidr_blocks": [],
                "prefix_list_ids": [],
                "protocol": "tcp",
                "security_groups": [],
                "self": false,
                "to_port": 80
              },
              {
                "cidr_blocks": [
                  "10.1.0.0/16"
                ],
                "description": "TLS from VPC",
                "from_port": 443,
                "ipv6_cidr_blocks": [],
                "prefix_list_ids": [],
                "protocol": "tcp",
                "security_groups": [],
                "self": false,
                "to_port": 443
              }
            ],
            "name": "front-rules",
            "name_prefix": "",
            "owner_id": "975195398054",
            "revoke_rules_on_delete": false,
            "tags": {
              "deploy": "almanza-app-lab-a",
              "environment": "dev",
              "name": "front-rules"
            },
            "timeouts": null,
            "vpc_id": "vpc-00bcc5f3488637652"
          },
          "sensitive_attributes": [],
          "private": "eyJlMmJmYjczMC1lY2FhLTExZTYtOGY4OC0zNDM2M2JjN2M0YzAiOnsiY3JlYXRlIjo2MDAwMDAwMDAwMDAsImRlbGV0ZSI6NjAwMDAwMDAwMDAwfSwic2NoZW1hX3ZlcnNpb24iOiIxIn0=",
          "dependencies": [
            "aws_vpc.main"
          ]
        }
      ]
    },
    {
      "mode": "managed",
      "type": "aws_subnet",
      "name": "subnet-private-3",
      "provider": "provider[\"registry.terraform.io/hashicorp/aws\"].region-master",
      "instances": [
        {
          "schema_version": 1,
          "attributes": {
            "arn": "arn:aws:ec2:eu-west-1:975195398054:subnet/subnet-0be858d5b1f5d86de",
            "assign_ipv6_address_on_creation": false,
            "availability_zone": "eu-west-1a",
            "availability_zone_id": "euw1-az3",
            "cidr_block": "10.1.3.0/24",
            "customer_owned_ipv4_pool": "",
            "id": "subnet-0be858d5b1f5d86de",
            "ipv6_cidr_block": "",
            "ipv6_cidr_block_association_id": "",
            "map_customer_owned_ip_on_launch": false,
            "map_public_ip_on_launch": false,
            "outpost_arn": "",
            "owner_id": "975195398054",
            "tags": {
              "Name": "subnet-private-3",
              "deploy": "almanza-app-lab-a",
              "environment": "dev",
              "kubernetes.io/cluster/almanza-app-lab-a": "shared",
              "kubernetes.io/role/internal-elb": "1"
            },
            "timeouts": null,
            "vpc_id": "vpc-00bcc5f3488637652"
          },
          "sensitive_attributes": [],
          "private": "eyJlMmJmYjczMC1lY2FhLTExZTYtOGY4OC0zNDM2M2JjN2M0YzAiOnsiY3JlYXRlIjo2MDAwMDAwMDAwMDAsImRlbGV0ZSI6MTIwMDAwMDAwMDAwMH0sInNjaGVtYV92ZXJzaW9uIjoiMSJ9",
          "dependencies": [
            "aws_vpc.main",
            "data.aws_availability_zones.azs"
          ]
        }
      ]
    },
    {
      "mode": "managed",
      "type": "aws_subnet",
      "name": "subnet-private-4",
      "provider": "provider[\"registry.terraform.io/hashicorp/aws\"].region-master",
      "instances": [
        {
          "schema_version": 1,
          "attributes": {
            "arn": "arn:aws:ec2:eu-west-1:975195398054:subnet/subnet-09107d0286cd5f85f",
            "assign_ipv6_address_on_creation": false,
            "availability_zone": "eu-west-1b",
            "availability_zone_id": "euw1-az1",
            "cidr_block": "10.1.4.0/24",
            "customer_owned_ipv4_pool": "",
            "id": "subnet-09107d0286cd5f85f",
            "ipv6_cidr_block": "",
            "ipv6_cidr_block_association_id": "",
            "map_customer_owned_ip_on_launch": false,
            "map_public_ip_on_launch": false,
            "outpost_arn": "",
            "owner_id": "975195398054",
            "tags": {
              "Name": "subnet-private-4",
              "deploy": "almanza-app-lab-a",
              "environment": "dev",
              "kubernetes.io/cluster/almanza-app-lab-a": "shared",
              "kubernetes.io/role/internal-elb": "1"
            },
            "timeouts": null,
            "vpc_id": "vpc-00bcc5f3488637652"
          },
          "sensitive_attributes": [],
          "private": "eyJlMmJmYjczMC1lY2FhLTExZTYtOGY4OC0zNDM2M2JjN2M0YzAiOnsiY3JlYXRlIjo2MDAwMDAwMDAwMDAsImRlbGV0ZSI6MTIwMDAwMDAwMDAwMH0sInNjaGVtYV92ZXJzaW9uIjoiMSJ9",
          "dependencies": [
            "aws_vpc.main",
            "data.aws_availability_zones.azs"
          ]
        }
      ]
    },
    {
      "mode": "managed",
      "type": "aws_subnet",
      "name": "subnet-public-1",
      "provider": "provider[\"registry.terraform.io/hashicorp/aws\"].region-master",
      "instances": [
        {
          "schema_version": 1,
          "attributes": {
            "arn": "arn:aws:ec2:eu-west-1:975195398054:subnet/subnet-08fe87174eecf8fca",
            "assign_ipv6_address_on_creation": false,
            "availability_zone": "eu-west-1a",
            "availability_zone_id": "euw1-az3",
            "cidr_block": "10.1.1.0/24",
            "customer_owned_ipv4_pool": "",
            "id": "subnet-08fe87174eecf8fca",
            "ipv6_cidr_block": "",
            "ipv6_cidr_block_association_id": "",
            "map_customer_owned_ip_on_launch": false,
            "map_public_ip_on_launch": false,
            "outpost_arn": "",
            "owner_id": "975195398054",
            "tags": {
              "Name": "subnet-public-1",
              "deploy": "almanza-app-lab-a",
              "environment": "dev",
              "kubernetes.io/cluster/almanza-app-lab-a": "shared",
              "kubernetes.io/role/elb": "1"
            },
            "timeouts": null,
            "vpc_id": "vpc-00bcc5f3488637652"
          },
          "sensitive_attributes": [],
          "private": "eyJlMmJmYjczMC1lY2FhLTExZTYtOGY4OC0zNDM2M2JjN2M0YzAiOnsiY3JlYXRlIjo2MDAwMDAwMDAwMDAsImRlbGV0ZSI6MTIwMDAwMDAwMDAwMH0sInNjaGVtYV92ZXJzaW9uIjoiMSJ9",
          "dependencies": [
            "aws_vpc.main",
            "data.aws_availability_zones.azs"
          ]
        }
      ]
    },
    {
      "mode": "managed",
      "type": "aws_subnet",
      "name": "subnet-public-2",
      "provider": "provider[\"registry.terraform.io/hashicorp/aws\"].region-master",
      "instances": [
        {
          "schema_version": 1,
          "attributes": {
            "arn": "arn:aws:ec2:eu-west-1:975195398054:subnet/subnet-01f57fbdc2df9ffc7",
            "assign_ipv6_address_on_creation": false,
            "availability_zone": "eu-west-1b",
            "availability_zone_id": "euw1-az1",
            "cidr_block": "10.1.2.0/24",
            "customer_owned_ipv4_pool": "",
            "id": "subnet-01f57fbdc2df9ffc7",
            "ipv6_cidr_block": "",
            "ipv6_cidr_block_association_id": "",
            "map_customer_owned_ip_on_launch": false,
            "map_public_ip_on_launch": false,
            "outpost_arn": "",
            "owner_id": "975195398054",
            "tags": {
              "Name": "subnet-public-2",
              "deploy": "almanza-app-lab-a",
              "environment": "dev",
              "kubernetes.io/cluster/almanza-app-lab-a": "shared",
              "kubernetes.io/role/elb": "1"
            },
            "timeouts": null,
            "vpc_id": "vpc-00bcc5f3488637652"
          },
          "sensitive_attributes": [],
          "private": "eyJlMmJmYjczMC1lY2FhLTExZTYtOGY4OC0zNDM2M2JjN2M0YzAiOnsiY3JlYXRlIjo2MDAwMDAwMDAwMDAsImRlbGV0ZSI6MTIwMDAwMDAwMDAwMH0sInNjaGVtYV92ZXJzaW9uIjoiMSJ9",
          "dependencies": [
            "aws_vpc.main",
            "data.aws_availability_zones.azs"
          ]
        }
      ]
    },
    {
      "mode": "managed",
      "type": "aws_vpc",
      "name": "main",
      "provider": "provider[\"registry.terraform.io/hashicorp/aws\"].region-master",
      "instances": [
        {
          "schema_version": 1,
          "attributes": {
            "arn": "arn:aws:ec2:eu-west-1:975195398054:vpc/vpc-00bcc5f3488637652",
            "assign_generated_ipv6_cidr_block": false,
            "cidr_block": "10.1.0.0/16",
            "default_network_acl_id": "acl-0f8089dfc1e1cf473",
            "default_route_table_id": "rtb-0b119a9fd615e784f",
            "default_security_group_id": "sg-054405f8d82ae07b2",
            "dhcp_options_id": "dopt-7a5f201c",
            "enable_classiclink": false,
            "enable_classiclink_dns_support": false,
            "enable_dns_hostnames": true,
            "enable_dns_support": true,
            "id": "vpc-00bcc5f3488637652",
            "instance_tenancy": "default",
            "ipv6_association_id": "",
            "ipv6_cidr_block": "",
            "main_route_table_id": "rtb-0b119a9fd615e784f",
            "owner_id": "975195398054",
            "tags": {
              "deploy": "almanza-app-lab-a",
              "environment": "dev",
              "kubernetes.io/cluster/almanza-app-lab-a": "shared"
            }
          },
          "sensitive_attributes": [],
          "private": "eyJzY2hlbWFfdmVyc2lvbiI6IjEifQ=="
        }
      ]
    },
    {
      "mode": "managed",
      "type": "local_file",
      "name": "container1_deployment",
      "provider": "provider[\"registry.terraform.io/hashicorp/local\"]",
      "instances": [
        {
          "schema_version": 0,
          "attributes": {
            "content": "apiVersion: apps/v1\nkind: Deployment\nmetadata:\n  creationTimestamp: null\n  labels:\n    app: almanza-cn1\n  name: almanza-cn1\nspec:\n  replicas: 1\n  selector:\n    matchLabels:\n      app: almanza-cn1\n  strategy: {}\n  template:\n    metadata:\n      creationTimestamp: null\n      labels:\n        app: almanza-cn1\n    spec:\n      containers:\n      - image: 975195398054.dkr.ecr.eu-west-1.amazonaws.com/almanza-app-lab-a:cn1v1\n        name: almanza-app-cn1\n        resources: {}\n        ports:\n        - containerPort: 8080\nstatus: {}\n\n",
            "content_base64": null,
            "directory_permission": "0777",
            "file_permission": "0777",
            "filename": "../03-app/container1_deployment.yml",
            "id": "5e4151b6d0b548d3d2c81b7da63cd3499bc1b420",
            "sensitive_content": null,
            "source": null
          },
          "sensitive_attributes": [],
          "private": "bnVsbA==",
          "dependencies": [
            "aws_ecr_repository.ecr-repository",
            "aws_eks_cluster.eks-cluster",
            "aws_iam_role.eks-role",
            "aws_iam_role_policy_attachment.policy-attach",
            "aws_security_group.eks",
            "aws_subnet.subnet-private-3",
            "aws_subnet.subnet-private-4",
            "aws_vpc.main",
            "data.aws_availability_zones.azs"
          ]
        }
      ]
    },
    {
      "mode": "managed",
      "type": "local_file",
      "name": "container2_deployment",
      "provider": "provider[\"registry.terraform.io/hashicorp/local\"]",
      "instances": [
        {
          "schema_version": 0,
          "attributes": {
            "content": "apiVersion: apps/v1\nkind: Deployment\nmetadata:\n  creationTimestamp: null\n  labels:\n    app: almanza-cn2\n  name: almanza-cn2\nspec:\n  replicas: 1\n  selector:\n    matchLabels:\n      app: almanza-cn2\n  strategy: {}\n  template:\n    metadata:\n      creationTimestamp: null\n      labels:\n        app: almanza-cn2\n    spec:\n      containers:\n      - image: 975195398054.dkr.ecr.eu-west-1.amazonaws.com/almanza-app-lab-a:cn2v1\n        name: almanza-app-cn2\n        resources: {}\n        ports:\n        - containerPort: 8080\nstatus: {}\n\n",
            "content_base64": null,
            "directory_permission": "0777",
            "file_permission": "0777",
            "filename": "../03-app/container2_deployment.yml",
            "id": "66868f5897818c278d4dd0f8367a33189c5f2a13",
            "sensitive_content": null,
            "source": null
          },
          "sensitive_attributes": [],
          "private": "bnVsbA==",
          "dependencies": [
            "aws_ecr_repository.ecr-repository",
            "aws_eks_cluster.eks-cluster",
            "aws_iam_role.eks-role",
            "aws_iam_role_policy_attachment.policy-attach",
            "aws_security_group.eks",
            "aws_subnet.subnet-private-3",
            "aws_subnet.subnet-private-4",
            "aws_vpc.main",
            "data.aws_availability_zones.azs"
          ]
        }
      ]
    },
    {
      "mode": "managed",
      "type": "null_resource",
      "name": "build-docker-cn1",
      "provider": "provider[\"registry.terraform.io/hashicorp/null\"]",
      "instances": [
        {
          "schema_version": 0,
          "attributes": {
            "id": "7514944938280585319",
            "triggers": null
          },
          "sensitive_attributes": [],
          "private": "bnVsbA==",
          "dependencies": [
            "aws_ecr_repository.ecr-repository",
            "aws_eks_cluster.eks-cluster",
            "aws_iam_role.eks-role",
            "aws_iam_role_policy_attachment.policy-attach",
            "aws_security_group.eks",
            "aws_subnet.subnet-private-3",
            "aws_subnet.subnet-private-4",
            "aws_vpc.main",
            "data.aws_availability_zones.azs"
          ]
        }
      ]
    },
    {
      "mode": "managed",
      "type": "null_resource",
      "name": "build-docker-cn2",
      "provider": "provider[\"registry.terraform.io/hashicorp/null\"]",
      "instances": [
        {
          "schema_version": 0,
          "attributes": {
            "id": "6176331717490914342",
            "triggers": null
          },
          "sensitive_attributes": [],
          "private": "bnVsbA==",
          "dependencies": [
            "aws_ecr_repository.ecr-repository",
            "aws_eks_cluster.eks-cluster",
            "aws_iam_role.eks-role",
            "aws_iam_role_policy_attachment.policy-attach",
            "aws_security_group.eks",
            "aws_subnet.subnet-private-3",
            "aws_subnet.subnet-private-4",
            "aws_vpc.main",
            "data.aws_availability_zones.azs"
          ]
        }
      ]
    },
    {
      "mode": "managed",
      "type": "null_resource",
      "name": "deploy-app-folder",
      "provider": "provider[\"registry.terraform.io/hashicorp/null\"]",
      "instances": [
        {
          "schema_version": 0,
          "attributes": {
            "id": "153799228598238469",
            "triggers": null
          },
          "sensitive_attributes": [],
          "private": "bnVsbA==",
          "dependencies": [
            "aws_ecr_repository.ecr-repository",
            "aws_eks_cluster.eks-cluster",
            "aws_eks_node_group.eks-cluster-nodes",
            "aws_iam_role.eks-node-role",
            "aws_iam_role.eks-role",
            "aws_iam_role_policy_attachment.node-policy-AmazonEC2ContainerRegistryReadOnly",
            "aws_iam_role_policy_attachment.node-policy-AmazonEKSWorkerNodePolicy",
            "aws_iam_role_policy_attachment.node-policy-AmazonEKS_CNI_Policy",
            "aws_iam_role_policy_attachment.policy-attach",
            "aws_security_group.eks",
            "aws_subnet.subnet-private-3",
            "aws_subnet.subnet-private-4",
            "aws_vpc.main",
            "data.aws_availability_zones.azs"
          ]
        }
      ]
    },
    {
      "mode": "managed",
      "type": "null_resource",
      "name": "get-eks-credentials",
      "provider": "provider[\"registry.terraform.io/hashicorp/null\"]",
      "instances": [
        {
          "schema_version": 0,
          "attributes": {
            "id": "6816840855022905918",
            "triggers": null
          },
          "sensitive_attributes": [],
          "private": "bnVsbA==",
          "dependencies": [
            "aws_ecr_repository.ecr-repository",
            "aws_eks_cluster.eks-cluster",
            "aws_iam_role.eks-role",
            "aws_iam_role_policy_attachment.policy-attach",
            "aws_security_group.eks",
            "aws_subnet.subnet-private-3",
            "aws_subnet.subnet-private-4",
            "aws_vpc.main",
            "data.aws_availability_zones.azs"
          ]
        }
      ]
    }
  ]
}
